
Microsoft Visual Studio Solution File, Format Version 12.00
# Visual Studio Version 17
VisualStudioVersion = 17.13.35825.156 d17.13
MinimumVisualStudioVersion = 10.0.40219.1
Project("{888888A0-9F3D-457C-B088-3A5042F75D52}") = "GraWyscigowa", "GraWyscigowa.pyproj", "{FC51AFD5-1A64-4674-B8A8-5E8186AEC58C}"
EndProject
Global
	GlobalSection(SolutionConfigurationPlatforms) = preSolution
		Debug|Any CPU = Debug|Any CPU
		Release|Any CPU = Release|Any CPU
	EndGlobalSection
	GlobalSection(ProjectConfigurationPlatforms) = postSolution
		{FC51AFD5-1A64-4674-B8A8-5E8186AEC58C}.Debug|Any CPU.ActiveCfg = Debug|Any CPU
		{FC51AFD5-1A64-4674-B8A8-5E8186AEC58C}.Release|Any CPU.ActiveCfg = Release|Any CPU
	EndGlobalSection
	GlobalSection(SolutionProperties) = preSolution
		HideSolutionNode = FALSE
	EndGlobalSection
	GlobalSection(ExtensibilityGlobals) = postSolution
		SolutionGuid = {A176C916-99AF-4454-BB8D-910DDAECB4FA}
	EndGlobalSection
EndGlobal
